
Microsoft Visual Studio Solution File, Format Version 12.00
# Visual Studio Version 17
VisualStudioVersion = 17.5.33502.453
MinimumVisualStudioVersion = 10.0.40219.1
Project("{FAE04EC0-301F-11D3-BF4B-00C04F79EFBC}") = "MethodHiding_Shadowing", "MethodHiding_Shadowing\MethodHiding_Shadowing.csproj", "{92B352BF-312B-48C6-85A3-327EF78A761A}"
EndProject
Global
	GlobalSection(SolutionConfigurationPlatforms) = preSolution
		Debug|Any CPU = Debug|Any CPU
		Release|Any CPU = Release|Any CPU
	EndGlobalSection
	GlobalSection(ProjectConfigurationPlatforms) = postSolution
		{92B352BF-312B-48C6-85A3-327EF78A761A}.Debug|Any CPU.ActiveCfg = Debug|Any CPU
		{92B352BF-312B-48C6-85A3-327EF78A761A}.Debug|Any CPU.Build.0 = Debug|Any CPU
		{92B352BF-312B-48C6-85A3-327EF78A761A}.Release|Any CPU.ActiveCfg = Release|Any CPU
		{92B352BF-312B-48C6-85A3-327EF78A761A}.Release|Any CPU.Build.0 = Release|Any CPU
	EndGlobalSection
	GlobalSection(SolutionProperties) = preSolution
		HideSolutionNode = FALSE
	EndGlobalSection
	GlobalSection(ExtensibilityGlobals) = postSolution
		SolutionGuid = {5D7A8E02-9CAF-4771-B400-01B4A822E8BB}
	EndGlobalSection
EndGlobal
