
Microsoft Visual Studio Solution File, Format Version 12.00
# Visual Studio Version 17
VisualStudioVersion = 17.5.33502.453
MinimumVisualStudioVersion = 10.0.40219.1
Project("{FAE04EC0-301F-11D3-BF4B-00C04F79EFBC}") = "Inheritance", "Inheritance\Inheritance.csproj", "{C023099C-C215-4753-81A2-C52A3CB26BCF}"
EndProject
Global
	GlobalSection(SolutionConfigurationPlatforms) = preSolution
		Debug|Any CPU = Debug|Any CPU
		Release|Any CPU = Release|Any CPU
	EndGlobalSection
	GlobalSection(ProjectConfigurationPlatforms) = postSolution
		{C023099C-C215-4753-81A2-C52A3CB26BCF}.Debug|Any CPU.ActiveCfg = Debug|Any CPU
		{C023099C-C215-4753-81A2-C52A3CB26BCF}.Debug|Any CPU.Build.0 = Debug|Any CPU
		{C023099C-C215-4753-81A2-C52A3CB26BCF}.Release|Any CPU.ActiveCfg = Release|Any CPU
		{C023099C-C215-4753-81A2-C52A3CB26BCF}.Release|Any CPU.Build.0 = Release|Any CPU
	EndGlobalSection
	GlobalSection(SolutionProperties) = preSolution
		HideSolutionNode = FALSE
	EndGlobalSection
	GlobalSection(ExtensibilityGlobals) = postSolution
		SolutionGuid = {8C6557DE-D401-4BFF-8398-B6CC5BE51371}
	EndGlobalSection
EndGlobal
